
Microsoft Visual Studio Solution File, Format Version 12.00
# Visual Studio Version 17
VisualStudioVersion = 17.3.32922.545
MinimumVisualStudioVersion = 10.0.40219.1
Project("{FAE04EC0-301F-11D3-BF4B-00C04F79EFBC}") = "Quadrants", "Quadrants\Quadrants.csproj", "{45C32BC0-05D8-47DC-9617-6A42D9BA48EF}"
EndProject
Global
	GlobalSection(SolutionConfigurationPlatforms) = preSolution
		Debug|Any CPU = Debug|Any CPU
		Release|Any CPU = Release|Any CPU
	EndGlobalSection
	GlobalSection(ProjectConfigurationPlatforms) = postSolution
		{45C32BC0-05D8-47DC-9617-6A42D9BA48EF}.Debug|Any CPU.ActiveCfg = Debug|Any CPU
		{45C32BC0-05D8-47DC-9617-6A42D9BA48EF}.Debug|Any CPU.Build.0 = Debug|Any CPU
		{45C32BC0-05D8-47DC-9617-6A42D9BA48EF}.Release|Any CPU.ActiveCfg = Release|Any CPU
		{45C32BC0-05D8-47DC-9617-6A42D9BA48EF}.Release|Any CPU.Build.0 = Release|Any CPU
	EndGlobalSection
	GlobalSection(SolutionProperties) = preSolution
		HideSolutionNode = FALSE
	EndGlobalSection
	GlobalSection(ExtensibilityGlobals) = postSolution
		SolutionGuid = {C958AF96-AD7D-4246-8207-261FEE51C0A0}
	EndGlobalSection
EndGlobal
